{
  "nodes": {
    "home-manager": {
      "inputs": {
        "nixpkgs": [
          "nixpkgs"
        ]
      },
      "locked": {
        "lastModified": 1787146702,
        "narHash": "sha256-YbRcLdU/yK4gWsQg7V8WTKZHfXL33g8+wSFUX3wyevs=",
        "owner": "nix-community",
        "repo": "home-manager",
        "rev": "173b7e8d40fdc8c296a9c99854314f17a3a1704c",
        "type": "github"
      },
      "original": {
        "owner": "nix-community",
        "ref": "release-26.05",
        "repo": "home-manager",
        "type": "github"
      }
    },
    "nixpkgs": {
      "locked": {
        "lastModified": 1787204541,
        "narHash": "sha256-Rb7J0ykni6QA+m5ZC6t5gbBBgkS0xn3bf2fgKpSSbFE=",
        "rev": "5880666fd9eb563038431edb35c2d0aa595884e6",
        "type": "tarball",
        "url": "https://releases.nixos.org/nixos/26.05/nixos-26.05.8111.5880666fd9eb/nixexprs.tar.xz"
      },
      "original": {
        "id": "nixpkgs",
        "ref": "nixos-26.05",
        "type": "indirect"
      }
    },
    "nixpkgs_2": {
      "locked": {
        "lastModified": 1786106723,
        "narHash": "sha256-zDSUbpoeo/9ZmD2+wXnzxoo1+uhL8vxc0b8yuYMKYq0=",
        "owner": "NixOS",
        "repo": "nixpkgs",
        "rev": "f13ff45afd1bb73e640eaa08a7066dbed07e3238",
        "type": "github"
      },
      "original": {
        "owner": "NixOS",
        "ref": "nixos-unstable",
        "repo": "nixpkgs",
        "type": "github"
      }
    },
    "noctalia": {
      "inputs": {
        "nixpkgs": [
          "nixpkgs"
        ]
      },
      "locked": {
        "lastModified": 1787311790,
        "narHash": "sha256-unzdxVphY9aAR+GX8U1hZzgBPYhq5kf+8SGOcRUm/P8=",
        "owner": "noctalia-dev",
        "repo": "noctalia",
        "rev": "69a90183531de388cab40e84a3a221ba94464501",
        "type": "github"
      },
      "original": {
        "owner": "noctalia-dev",
        "repo": "noctalia",
        "type": "github"
      }
    },
    "pyroclear": {
      "inputs": {
        "nixpkgs": "nixpkgs_2"
      },
      "locked": {
        "lastModified": 1787218274,
        "narHash": "sha256-wZaoDd4lmn5OOlWGd0ORIZ2uMqMYUXWzqFaBqf2iZyg=",
        "owner": "shreyanth-sureshkrishnaa",
        "repo": "pyroclear",
        "rev": "c7867154c970c6de5158de02290e930dcd51f52c",
        "type": "github"
      },
      "original": {
        "owner": "shreyanth-sureshkrishnaa",
        "repo": "pyroclear",
        "type": "github"
      }
    },
    "root": {
      "inputs": {
        "home-manager": "home-manager",
        "nixpkgs": "nixpkgs",
        "noctalia": "noctalia",
        "pyroclear": "pyroclear"
      }
    }
  },
  "root": "root",
  "version": 7
}
